
Microsoft Visual Studio Solution File, Format Version 12.00
# Visual Studio Version 17
VisualStudioVersion = 17.8.34511.84
MinimumVisualStudioVersion = 10.0.40219.1
Project("{FAE04EC0-301F-11D3-BF4B-00C04F79EFBC}") = "Prak2", "Prak2\Prak2.csproj", "{0EE8088D-6C89-421C-B747-FBB78D56D573}"
EndProject
Global
	GlobalSection(SolutionConfigurationPlatforms) = preSolution
		Debug|Any CPU = Debug|Any CPU
		Release|Any CPU = Release|Any CPU
	EndGlobalSection
	GlobalSection(ProjectConfigurationPlatforms) = postSolution
		{0EE8088D-6C89-421C-B747-FBB78D56D573}.Debug|Any CPU.ActiveCfg = Debug|Any CPU
		{0EE8088D-6C89-421C-B747-FBB78D56D573}.Debug|Any CPU.Build.0 = Debug|Any CPU
		{0EE8088D-6C89-421C-B747-FBB78D56D573}.Release|Any CPU.ActiveCfg = Release|Any CPU
		{0EE8088D-6C89-421C-B747-FBB78D56D573}.Release|Any CPU.Build.0 = Release|Any CPU
	EndGlobalSection
	GlobalSection(SolutionProperties) = preSolution
		HideSolutionNode = FALSE
	EndGlobalSection
	GlobalSection(ExtensibilityGlobals) = postSolution
		SolutionGuid = {FEB09B2E-3C6A-4226-8528-1624ED34E4D4}
	EndGlobalSection
EndGlobal
